
Microsoft Visual Studio Solution File, Format Version 12.00
# Visual Studio Version 17
VisualStudioVersion = 17.1.32414.318
MinimumVisualStudioVersion = 10.0.40219.1
Project("{FAE04EC0-301F-11D3-BF4B-00C04F79EFBC}") = "Contact Tracing", "Contact Tracing.csproj", "{82B14596-5529-4E50-AD1D-0B6257A0BFA5}"
EndProject
Global
	GlobalSection(SolutionConfigurationPlatforms) = preSolution
		Debug|Any CPU = Debug|Any CPU
		Release|Any CPU = Release|Any CPU
	EndGlobalSection
	GlobalSection(ProjectConfigurationPlatforms) = postSolution
		{82B14596-5529-4E50-AD1D-0B6257A0BFA5}.Debug|Any CPU.ActiveCfg = Debug|Any CPU
		{82B14596-5529-4E50-AD1D-0B6257A0BFA5}.Debug|Any CPU.Build.0 = Debug|Any CPU
		{82B14596-5529-4E50-AD1D-0B6257A0BFA5}.Release|Any CPU.ActiveCfg = Release|Any CPU
		{82B14596-5529-4E50-AD1D-0B6257A0BFA5}.Release|Any CPU.Build.0 = Release|Any CPU
	EndGlobalSection
	GlobalSection(SolutionProperties) = preSolution
		HideSolutionNode = FALSE
	EndGlobalSection
	GlobalSection(ExtensibilityGlobals) = postSolution
		SolutionGuid = {7E7696E7-1130-430B-A49F-AFCE3B35574A}
	EndGlobalSection
EndGlobal
